
Microsoft Visual Studio Solution File, Format Version 12.00
# Visual Studio 15
VisualStudioVersion = 15.0.28307.421
MinimumVisualStudioVersion = 10.0.40219.1
Project("{FAE04EC0-301F-11D3-BF4B-00C04F79EFBC}") = "BlueLightGames.Web", "BlueLightGames.Web\BlueLightGames.Web.csproj", "{7EAC9575-02A5-4BD4-851D-4605DC844DB5}"
EndProject
Project("{FAE04EC0-301F-11D3-BF4B-00C04F79EFBC}") = "BlueLightGames.Domain", "BlueLightGames.Domain\BlueLightGames.Domain.csproj", "{09321DD2-8DEC-4D82-806E-7586122189F4}"
EndProject
Global
	GlobalSection(SolutionConfigurationPlatforms) = preSolution
		Debug|Any CPU = Debug|Any CPU
		Release|Any CPU = Release|Any CPU
	EndGlobalSection
	GlobalSection(ProjectConfigurationPlatforms) = postSolution
		{7EAC9575-02A5-4BD4-851D-4605DC844DB5}.Debug|Any CPU.ActiveCfg = Debug|Any CPU
		{7EAC9575-02A5-4BD4-851D-4605DC844DB5}.Debug|Any CPU.Build.0 = Debug|Any CPU
		{7EAC9575-02A5-4BD4-851D-4605DC844DB5}.Release|Any CPU.ActiveCfg = Release|Any CPU
		{7EAC9575-02A5-4BD4-851D-4605DC844DB5}.Release|Any CPU.Build.0 = Release|Any CPU
		{09321DD2-8DEC-4D82-806E-7586122189F4}.Debug|Any CPU.ActiveCfg = Debug|Any CPU
		{09321DD2-8DEC-4D82-806E-7586122189F4}.Debug|Any CPU.Build.0 = Debug|Any CPU
		{09321DD2-8DEC-4D82-806E-7586122189F4}.Release|Any CPU.ActiveCfg = Release|Any CPU
		{09321DD2-8DEC-4D82-806E-7586122189F4}.Release|Any CPU.Build.0 = Release|Any CPU
	EndGlobalSection
	GlobalSection(SolutionProperties) = preSolution
		HideSolutionNode = FALSE
	EndGlobalSection
	GlobalSection(ExtensibilityGlobals) = postSolution
		SolutionGuid = {184656CD-C2DE-4A30-84E7-00506FB1887B}
	EndGlobalSection
EndGlobal
